
Microsoft Visual Studio Solution File, Format Version 12.00
# Visual Studio Version 16
VisualStudioVersion = 16.0.31702.278
MinimumVisualStudioVersion = 10.0.40219.1
Project("{FAE04EC0-301F-11D3-BF4B-00C04F79EFBC}") = "PlayingCard", "PlayingCard\PlayingCard.csproj", "{F6C532FF-0765-4C0E-9589-FC834F4B12DA}"
EndProject
Global
	GlobalSection(SolutionConfigurationPlatforms) = preSolution
		Debug|Any CPU = Debug|Any CPU
		Release|Any CPU = Release|Any CPU
	EndGlobalSection
	GlobalSection(ProjectConfigurationPlatforms) = postSolution
		{F6C532FF-0765-4C0E-9589-FC834F4B12DA}.Debug|Any CPU.ActiveCfg = Debug|Any CPU
		{F6C532FF-0765-4C0E-9589-FC834F4B12DA}.Debug|Any CPU.Build.0 = Debug|Any CPU
		{F6C532FF-0765-4C0E-9589-FC834F4B12DA}.Release|Any CPU.ActiveCfg = Release|Any CPU
		{F6C532FF-0765-4C0E-9589-FC834F4B12DA}.Release|Any CPU.Build.0 = Release|Any CPU
	EndGlobalSection
	GlobalSection(SolutionProperties) = preSolution
		HideSolutionNode = FALSE
	EndGlobalSection
	GlobalSection(ExtensibilityGlobals) = postSolution
		SolutionGuid = {19C8C458-D1C5-4B16-89D3-AF5247D38209}
	EndGlobalSection
EndGlobal
